
Microsoft Visual Studio Solution File, Format Version 12.00
# Visual Studio 15
VisualStudioVersion = 15.0.27130.2003
MinimumVisualStudioVersion = 10.0.40219.1
Project("{FAE04EC0-301F-11D3-BF4B-00C04F79EFBC}") = "AINews", "AINews\AINews.csproj", "{8578EBEE-3CD2-473B-8A55-0CAB4946C8F7}"
EndProject
Global
	GlobalSection(SolutionConfigurationPlatforms) = preSolution
		Debug|Any CPU = Debug|Any CPU
		Release|Any CPU = Release|Any CPU
	EndGlobalSection
	GlobalSection(ProjectConfigurationPlatforms) = postSolution
		{8578EBEE-3CD2-473B-8A55-0CAB4946C8F7}.Debug|Any CPU.ActiveCfg = Debug|Any CPU
		{8578EBEE-3CD2-473B-8A55-0CAB4946C8F7}.Debug|Any CPU.Build.0 = Debug|Any CPU
		{8578EBEE-3CD2-473B-8A55-0CAB4946C8F7}.Release|Any CPU.ActiveCfg = Release|Any CPU
		{8578EBEE-3CD2-473B-8A55-0CAB4946C8F7}.Release|Any CPU.Build.0 = Release|Any CPU
	EndGlobalSection
	GlobalSection(SolutionProperties) = preSolution
		HideSolutionNode = FALSE
	EndGlobalSection
	GlobalSection(ExtensibilityGlobals) = postSolution
		SolutionGuid = {A62D50B3-6871-4D16-8A61-079EE27FD2F1}
	EndGlobalSection
EndGlobal
